// !$*UTF8*$!
{
	archiveVersion = 1;
	classes = {
	};
	objectVersion = 46;
	objects = {

/* Begin PBXBuildFile section */
		F84FCF971EDCACCD0011CB33 /* JSON in Resources */ = {isa = PBXBuildFile; fileRef = F84FCF911EDBE27D0011CB33 /* JSON */; };
		OBJ_34 /* APIClient.swift in Sources */ = {isa = PBXBuildFile; fileRef = OBJ_8 /* APIClient.swift */; };
		OBJ_35 /* Build.swift in Sources */ = {isa = PBXBuildFile; fileRef = OBJ_9 /* Build.swift */; };
		OBJ_36 /* CoberturaCoverage.swift in Sources */ = {isa = PBXBuildFile; fileRef = OBJ_10 /* CoberturaCoverage.swift */; };
		OBJ_37 /* Coverage.swift in Sources */ = {isa = PBXBuildFile; fileRef = OBJ_11 /* Coverage.swift */; };
		OBJ_38 /* Errors.swift in Sources */ = {isa = PBXBuildFile; fileRef = OBJ_12 /* Errors.swift */; };
		OBJ_39 /* HealthReport.swift in Sources */ = {isa = PBXBuildFile; fileRef = OBJ_13 /* HealthReport.swift */; };
		OBJ_40 /* JacacoCoverage.swift in Sources */ = {isa = PBXBuildFile; fileRef = OBJ_14 /* JacacoCoverage.swift */; };
		OBJ_41 /* Jenkins.swift in Sources */ = {isa = PBXBuildFile; fileRef = OBJ_15 /* Jenkins.swift */; };
		OBJ_42 /* Job.swift in Sources */ = {isa = PBXBuildFile; fileRef = OBJ_16 /* Job.swift */; };
		OBJ_43 /* JobConfiguration.swift in Sources */ = {isa = PBXBuildFile; fileRef = OBJ_17 /* JobConfiguration.swift */; };
		OBJ_44 /* JobParameter.swift in Sources */ = {isa = PBXBuildFile; fileRef = OBJ_18 /* JobParameter.swift */; };
		OBJ_45 /* JobQueueItem.swift in Sources */ = {isa = PBXBuildFile; fileRef = OBJ_19 /* JobQueueItem.swift */; };
		OBJ_46 /* JSON.swift in Sources */ = {isa = PBXBuildFile; fileRef = OBJ_20 /* JSON.swift */; };
		OBJ_53 /* CoberturaCoverageTests.swift in Sources */ = {isa = PBXBuildFile; fileRef = OBJ_23 /* CoberturaCoverageTests.swift */; };
		OBJ_54 /* JacocoCoverageTests.swift in Sources */ = {isa = PBXBuildFile; fileRef = OBJ_24 /* JacocoCoverageTests.swift */; };
		OBJ_55 /* JenkinsTests.swift in Sources */ = {isa = PBXBuildFile; fileRef = OBJ_25 /* JenkinsTests.swift */; };
		OBJ_57 /* Jenkins.framework in Frameworks */ = {isa = PBXBuildFile; fileRef = OBJ_27 /* Jenkins.framework */; };
/* End PBXBuildFile section */

/* Begin PBXContainerItemProxy section */
		F84FCF8B1EDBE2270011CB33 /* PBXContainerItemProxy */ = {
			isa = PBXContainerItemProxy;
			containerPortal = OBJ_1 /* Project object */;
			proxyType = 1;
			remoteGlobalIDString = OBJ_29;
			remoteInfo = Jenkins;
		};
/* End PBXContainerItemProxy section */

/* Begin PBXFileReference section */
		F84FCF911EDBE27D0011CB33 /* JSON */ = {isa = PBXFileReference; lastKnownFileType = folder; path = JSON; sourceTree = "<group>"; };
		OBJ_10 /* CoberturaCoverage.swift */ = {isa = PBXFileReference; lastKnownFileType = sourcecode.swift; path = CoberturaCoverage.swift; sourceTree = "<group>"; };
		OBJ_11 /* Coverage.swift */ = {isa = PBXFileReference; lastKnownFileType = sourcecode.swift; path = Coverage.swift; sourceTree = "<group>"; };
		OBJ_12 /* Errors.swift */ = {isa = PBXFileReference; lastKnownFileType = sourcecode.swift; path = Errors.swift; sourceTree = "<group>"; };
		OBJ_13 /* HealthReport.swift */ = {isa = PBXFileReference; lastKnownFileType = sourcecode.swift; path = HealthReport.swift; sourceTree = "<group>"; };
		OBJ_14 /* JacacoCoverage.swift */ = {isa = PBXFileReference; lastKnownFileType = sourcecode.swift; path = JacacoCoverage.swift; sourceTree = "<group>"; };
		OBJ_15 /* Jenkins.swift */ = {isa = PBXFileReference; lastKnownFileType = sourcecode.swift; path = Jenkins.swift; sourceTree = "<group>"; };
		OBJ_16 /* Job.swift */ = {isa = PBXFileReference; lastKnownFileType = sourcecode.swift; path = Job.swift; sourceTree = "<group>"; };
		OBJ_17 /* JobConfiguration.swift */ = {isa = PBXFileReference; lastKnownFileType = sourcecode.swift; path = JobConfiguration.swift; sourceTree = "<group>"; };
		OBJ_18 /* JobParameter.swift */ = {isa = PBXFileReference; lastKnownFileType = sourcecode.swift; path = JobParameter.swift; sourceTree = "<group>"; };
		OBJ_19 /* JobQueueItem.swift */ = {isa = PBXFileReference; lastKnownFileType = sourcecode.swift; path = JobQueueItem.swift; sourceTree = "<group>"; };
		OBJ_20 /* JSON.swift */ = {isa = PBXFileReference; lastKnownFileType = sourcecode.swift; path = JSON.swift; sourceTree = "<group>"; };
		OBJ_23 /* CoberturaCoverageTests.swift */ = {isa = PBXFileReference; lastKnownFileType = sourcecode.swift; path = CoberturaCoverageTests.swift; sourceTree = "<group>"; };
		OBJ_24 /* JacocoCoverageTests.swift */ = {isa = PBXFileReference; lastKnownFileType = sourcecode.swift; path = JacocoCoverageTests.swift; sourceTree = "<group>"; };
		OBJ_25 /* JenkinsTests.swift */ = {isa = PBXFileReference; lastKnownFileType = sourcecode.swift; path = JenkinsTests.swift; sourceTree = "<group>"; };
		OBJ_27 /* Jenkins.framework */ = {isa = PBXFileReference; explicitFileType = wrapper.framework; path = Jenkins.framework; sourceTree = BUILT_PRODUCTS_DIR; };
		OBJ_28 /* JenkinsTests.xctest */ = {isa = PBXFileReference; lastKnownFileType = file; path = JenkinsTests.xctest; sourceTree = BUILT_PRODUCTS_DIR; };
		OBJ_6 /* Package.swift */ = {isa = PBXFileReference; explicitFileType = sourcecode.swift; path = Package.swift; sourceTree = "<group>"; };
		OBJ_8 /* APIClient.swift */ = {isa = PBXFileReference; lastKnownFileType = sourcecode.swift; path = APIClient.swift; sourceTree = "<group>"; };
		OBJ_9 /* Build.swift */ = {isa = PBXFileReference; lastKnownFileType = sourcecode.swift; path = Build.swift; sourceTree = "<group>"; };
/* End PBXFileReference section */

/* Begin PBXFrameworksBuildPhase section */
		OBJ_47 /* Frameworks */ = {
			isa = PBXFrameworksBuildPhase;
			buildActionMask = 0;
			files = (
			);
			runOnlyForDeploymentPostprocessing = 0;
		};
		OBJ_56 /* Frameworks */ = {
			isa = PBXFrameworksBuildPhase;
			buildActionMask = 0;
			files = (
				OBJ_57 /* Jenkins.framework in Frameworks */,
			);
			runOnlyForDeploymentPostprocessing = 0;
		};
/* End PBXFrameworksBuildPhase section */

/* Begin PBXGroup section */
		OBJ_21 /* Tests */ = {
			isa = PBXGroup;
			children = (
				OBJ_22 /* JenkinsTests */,
			);
			name = Tests;
			sourceTree = SOURCE_ROOT;
		};
		OBJ_22 /* JenkinsTests */ = {
			isa = PBXGroup;
			children = (
				OBJ_23 /* CoberturaCoverageTests.swift */,
				OBJ_24 /* JacocoCoverageTests.swift */,
				OBJ_25 /* JenkinsTests.swift */,
				F84FCF911EDBE27D0011CB33 /* JSON */,
			);
			name = JenkinsTests;
			path = Tests/JenkinsTests;
			sourceTree = SOURCE_ROOT;
		};
		OBJ_26 /* Products */ = {
			isa = PBXGroup;
			children = (
				OBJ_27 /* Jenkins.framework */,
				OBJ_28 /* JenkinsTests.xctest */,
			);
			name = Products;
			sourceTree = BUILT_PRODUCTS_DIR;
		};
		OBJ_5 /*  */ = {
			isa = PBXGroup;
			children = (
				OBJ_6 /* Package.swift */,
				OBJ_7 /* Sources */,
				OBJ_21 /* Tests */,
				OBJ_26 /* Products */,
			);
			name = "";
			sourceTree = "<group>";
		};
		OBJ_7 /* Sources */ = {
			isa = PBXGroup;
			children = (
				OBJ_8 /* APIClient.swift */,
				OBJ_9 /* Build.swift */,
				OBJ_10 /* CoberturaCoverage.swift */,
				OBJ_11 /* Coverage.swift */,
				OBJ_12 /* Errors.swift */,
				OBJ_13 /* HealthReport.swift */,
				OBJ_14 /* JacacoCoverage.swift */,
				OBJ_15 /* Jenkins.swift */,
				OBJ_16 /* Job.swift */,
				OBJ_17 /* JobConfiguration.swift */,
				OBJ_18 /* JobParameter.swift */,
				OBJ_19 /* JobQueueItem.swift */,
				OBJ_20 /* JSON.swift */,
			);
			path = Sources;
			sourceTree = SOURCE_ROOT;
		};
/* End PBXGroup section */

/* Begin PBXNativeTarget section */
		OBJ_29 /* Jenkins */ = {
			isa = PBXNativeTarget;
			buildConfigurationList = OBJ_30 /* Build configuration list for PBXNativeTarget "Jenkins" */;
			buildPhases = (
				OBJ_33 /* Sources */,
				OBJ_47 /* Frameworks */,
			);
			buildRules = (
			);
			dependencies = (
			);
			name = Jenkins;
			productName = Jenkins;
			productReference = OBJ_27 /* Jenkins.framework */;
			productType = "com.apple.product-type.framework";
		};
		OBJ_48 /* JenkinsTests */ = {
			isa = PBXNativeTarget;
			buildConfigurationList = OBJ_49 /* Build configuration list for PBXNativeTarget "JenkinsTests" */;
			buildPhases = (
				OBJ_52 /* Sources */,
				OBJ_56 /* Frameworks */,
				F84FCF921EDBE2910011CB33 /* Resources */,
			);
			buildRules = (
			);
			dependencies = (
				OBJ_58 /* PBXTargetDependency */,
			);
			name = JenkinsTests;
			productName = JenkinsTests;
			productReference = OBJ_28 /* JenkinsTests.xctest */;
			productType = "com.apple.product-type.bundle.unit-test";
		};
/* End PBXNativeTarget section */

/* Begin PBXProject section */
		OBJ_1 /* Project object */ = {
			isa = PBXProject;
			attributes = {
				LastUpgradeCheck = 9999;
			};
			buildConfigurationList = OBJ_2 /* Build configuration list for PBXProject "Jenkins" */;
			compatibilityVersion = "Xcode 3.2";
			developmentRegion = English;
			hasScannedForEncodings = 0;
			knownRegions = (
				en,
			);
			mainGroup = OBJ_5 /*  */;
			productRefGroup = OBJ_26 /* Products */;
			projectDirPath = "";
			projectRoot = "";
			targets = (
				OBJ_29 /* Jenkins */,
				OBJ_48 /* JenkinsTests */,
			);
		};
/* End PBXProject section */

/* Begin PBXResourcesBuildPhase section */
		F84FCF921EDBE2910011CB33 /* Resources */ = {
			isa = PBXResourcesBuildPhase;
			buildActionMask = 2147483647;
			files = (
				F84FCF971EDCACCD0011CB33 /* JSON in Resources */,
			);
			runOnlyForDeploymentPostprocessing = 0;
		};
/* End PBXResourcesBuildPhase section */

/* Begin PBXSourcesBuildPhase section */
		OBJ_33 /* Sources */ = {
			isa = PBXSourcesBuildPhase;
			buildActionMask = 0;
			files = (
				OBJ_34 /* APIClient.swift in Sources */,
				OBJ_35 /* Build.swift in Sources */,
				OBJ_36 /* CoberturaCoverage.swift in Sources */,
				OBJ_37 /* Coverage.swift in Sources */,
				OBJ_38 /* Errors.swift in Sources */,
				OBJ_39 /* HealthReport.swift in Sources */,
				OBJ_40 /* JacacoCoverage.swift in Sources */,
				OBJ_41 /* Jenkins.swift in Sources */,
				OBJ_42 /* Job.swift in Sources */,
				OBJ_43 /* JobConfiguration.swift in Sources */,
				OBJ_44 /* JobParameter.swift in Sources */,
				OBJ_45 /* JobQueueItem.swift in Sources */,
				OBJ_46 /* JSON.swift in Sources */,
			);
			runOnlyForDeploymentPostprocessing = 0;
		};
		OBJ_52 /* Sources */ = {
			isa = PBXSourcesBuildPhase;
			buildActionMask = 0;
			files = (
				OBJ_53 /* CoberturaCoverageTests.swift in Sources */,
				OBJ_54 /* JacocoCoverageTests.swift in Sources */,
				OBJ_55 /* JenkinsTests.swift in Sources */,
			);
			runOnlyForDeploymentPostprocessing = 0;
		};
/* End PBXSourcesBuildPhase section */

/* Begin PBXTargetDependency section */
		OBJ_58 /* PBXTargetDependency */ = {
			isa = PBXTargetDependency;
			target = OBJ_29 /* Jenkins */;
			targetProxy = F84FCF8B1EDBE2270011CB33 /* PBXContainerItemProxy */;
		};
/* End PBXTargetDependency section */

/* Begin XCBuildConfiguration section */
		OBJ_3 /* Debug */ = {
			isa = XCBuildConfiguration;
			buildSettings = {
				CLANG_ENABLE_OBJC_ARC = YES;
				COMBINE_HIDPI_IMAGES = YES;
				COPY_PHASE_STRIP = NO;
				DEBUG_INFORMATION_FORMAT = dwarf;
				DYLIB_INSTALL_NAME_BASE = "@rpath";
				ENABLE_NS_ASSERTIONS = YES;
				GCC_OPTIMIZATION_LEVEL = 0;
				MACOSX_DEPLOYMENT_TARGET = 10.10;
				ONLY_ACTIVE_ARCH = YES;
				OTHER_SWIFT_FLAGS = "-DXcode";
				PRODUCT_NAME = "$(TARGET_NAME)";
				SDKROOT = macosx;
				SUPPORTED_PLATFORMS = "macosx iphoneos iphonesimulator appletvos appletvsimulator watchos watchsimulator";
				SWIFT_ACTIVE_COMPILATION_CONDITIONS = SWIFT_PACKAGE;
				SWIFT_OPTIMIZATION_LEVEL = "-Onone";
				SWIFT_VERSION = 3.0;
				USE_HEADERMAP = NO;
			};
			name = Debug;
		};
		OBJ_31 /* Debug */ = {
			isa = XCBuildConfiguration;
			buildSettings = {
				ENABLE_TESTABILITY = YES;
				FRAMEWORK_SEARCH_PATHS = (
					"$(inherited)",
					"$(PLATFORM_DIR)/Developer/Library/Frameworks",
				);
				HEADER_SEARCH_PATHS = "$(inherited)";
				INFOPLIST_FILE = Jenkins.xcodeproj/Jenkins_Info.plist;
				LD_RUNPATH_SEARCH_PATHS = "$(TOOLCHAIN_DIR)/usr/lib/swift/macosx";
				OTHER_LDFLAGS = "$(inherited)";
				OTHER_SWIFT_FLAGS = "$(inherited)";
				PRODUCT_BUNDLE_IDENTIFIER = Jenkins;
				PRODUCT_MODULE_NAME = "$(TARGET_NAME:c99extidentifier)";
				PRODUCT_NAME = "$(TARGET_NAME:c99extidentifier)";
				SKIP_INSTALL = YES;
				TARGET_NAME = Jenkins;
			};
			name = Debug;
		};
		OBJ_32 /* Release */ = {
			isa = XCBuildConfiguration;
			buildSettings = {
				ENABLE_TESTABILITY = YES;
				FRAMEWORK_SEARCH_PATHS = (
					"$(inherited)",
					"$(PLATFORM_DIR)/Developer/Library/Frameworks",
				);
				HEADER_SEARCH_PATHS = "$(inherited)";
				INFOPLIST_FILE = Jenkins.xcodeproj/Jenkins_Info.plist;
				LD_RUNPATH_SEARCH_PATHS = "$(TOOLCHAIN_DIR)/usr/lib/swift/macosx";
				OTHER_LDFLAGS = "$(inherited)";
				OTHER_SWIFT_FLAGS = "$(inherited)";
				PRODUCT_BUNDLE_IDENTIFIER = Jenkins;
				PRODUCT_MODULE_NAME = "$(TARGET_NAME:c99extidentifier)";
				PRODUCT_NAME = "$(TARGET_NAME:c99extidentifier)";
				SKIP_INSTALL = YES;
				TARGET_NAME = Jenkins;
			};
			name = Release;
		};
		OBJ_4 /* Release */ = {
			isa = XCBuildConfiguration;
			buildSettings = {
				CLANG_ENABLE_OBJC_ARC = YES;
				COMBINE_HIDPI_IMAGES = YES;
				COPY_PHASE_STRIP = YES;
				DEBUG_INFORMATION_FORMAT = "dwarf-with-dsym";
				DYLIB_INSTALL_NAME_BASE = "@rpath";
				GCC_OPTIMIZATION_LEVEL = s;
				MACOSX_DEPLOYMENT_TARGET = 10.10;
				OTHER_SWIFT_FLAGS = "-DXcode";
				PRODUCT_NAME = "$(TARGET_NAME)";
				SDKROOT = macosx;
				SUPPORTED_PLATFORMS = "macosx iphoneos iphonesimulator appletvos appletvsimulator watchos watchsimulator";
				SWIFT_ACTIVE_COMPILATION_CONDITIONS = SWIFT_PACKAGE;
				SWIFT_OPTIMIZATION_LEVEL = "-Owholemodule";
				SWIFT_VERSION = 3.0;
				USE_HEADERMAP = NO;
			};
			name = Release;
		};
		OBJ_50 /* Debug */ = {
			isa = XCBuildConfiguration;
			buildSettings = {
				EMBEDDED_CONTENT_CONTAINS_SWIFT = YES;
				FRAMEWORK_SEARCH_PATHS = (
					"$(inherited)",
					"$(PLATFORM_DIR)/Developer/Library/Frameworks",
				);
				HEADER_SEARCH_PATHS = "$(inherited)";
				INFOPLIST_FILE = Jenkins.xcodeproj/JenkinsTests_Info.plist;
				LD_RUNPATH_SEARCH_PATHS = "@loader_path/../Frameworks @loader_path/Frameworks";
				OTHER_LDFLAGS = "$(inherited)";
				OTHER_SWIFT_FLAGS = "$(inherited)";
				TARGET_NAME = JenkinsTests;
			};
			name = Debug;
		};
		OBJ_51 /* Release */ = {
			isa = XCBuildConfiguration;
			buildSettings = {
				EMBEDDED_CONTENT_CONTAINS_SWIFT = YES;
				FRAMEWORK_SEARCH_PATHS = (
					"$(inherited)",
					"$(PLATFORM_DIR)/Developer/Library/Frameworks",
				);
				HEADER_SEARCH_PATHS = "$(inherited)";
				INFOPLIST_FILE = Jenkins.xcodeproj/JenkinsTests_Info.plist;
				LD_RUNPATH_SEARCH_PATHS = "@loader_path/../Frameworks @loader_path/Frameworks";
				OTHER_LDFLAGS = "$(inherited)";
				OTHER_SWIFT_FLAGS = "$(inherited)";
				TARGET_NAME = JenkinsTests;
			};
			name = Release;
		};
/* End XCBuildConfiguration section */

/* Begin XCConfigurationList section */
		OBJ_2 /* Build configuration list for PBXProject "Jenkins" */ = {
			isa = XCConfigurationList;
			buildConfigurations = (
				OBJ_3 /* Debug */,
				OBJ_4 /* Release */,
			);
			defaultConfigurationIsVisible = 0;
			defaultConfigurationName = Debug;
		};
		OBJ_30 /* Build configuration list for PBXNativeTarget "Jenkins" */ = {
			isa = XCConfigurationList;
			buildConfigurations = (
				OBJ_31 /* Debug */,
				OBJ_32 /* Release */,
			);
			defaultConfigurationIsVisible = 0;
			defaultConfigurationName = Debug;
		};
		OBJ_49 /* Build configuration list for PBXNativeTarget "JenkinsTests" */ = {
			isa = XCConfigurationList;
			buildConfigurations = (
				OBJ_50 /* Debug */,
				OBJ_51 /* Release */,
			);
			defaultConfigurationIsVisible = 0;
			defaultConfigurationName = Debug;
		};
/* End XCConfigurationList section */
	};
	rootObject = OBJ_1 /* Project object */;
}
